// !$*UTF8*$!
{
	archiveVersion = 1;
	classes = {
	};
	objectVersion = 56;
	objects = {

/* Begin PBXBuildFile section */
		5F3C918C29DC28FF00BA5A2D /* ActivityClassifierTests.swift in Sources */ = {isa = PBXBuildFile; fileRef = 5F3C918B29DC28FF00BA5A2D /* ActivityClassifierTests.swift */; };
		5F3C919629DC28FF00BA5A2D /* ActivityClassifierUITests.swift in Sources */ = {isa = PBXBuildFile; fileRef = 5F3C919529DC28FF00BA5A2D /* ActivityClassifierUITests.swift */; };
		5F3C919829DC28FF00BA5A2D /* ActivityClassifierUITestsLaunchTests.swift in Sources */ = {isa = PBXBuildFile; fileRef = 5F3C919729DC28FF00BA5A2D /* ActivityClassifierUITestsLaunchTests.swift */; };
		5F3C91A629DC29AB00BA5A2D /* ReSwift in Frameworks */ = {isa = PBXBuildFile; productRef = 5F3C91A529DC29AB00BA5A2D /* ReSwift */; };
		5F3C91B429DC2ACF00BA5A2D /* Assets.xcassets in Resources */ = {isa = PBXBuildFile; fileRef = 5F3C91AE29DC2ACE00BA5A2D /* Assets.xcassets */; };
		5F3C91C529DC2F3400BA5A2D /* ActivityClassifierApp.swift in Sources */ = {isa = PBXBuildFile; fileRef = 5F3C91BF29DC2F3400BA5A2D /* ActivityClassifierApp.swift */; };
		5F3C91D829DC5ABC00BA5A2D /* TabBarView.swift in Sources */ = {isa = PBXBuildFile; fileRef = 5F3C91D729DC5ABC00BA5A2D /* TabBarView.swift */; };
		5F3C91DA29DC5B0B00BA5A2D /* LabelsView.swift in Sources */ = {isa = PBXBuildFile; fileRef = 5F3C91D929DC5B0B00BA5A2D /* LabelsView.swift */; };
		5F3C91DC29DC5B1200BA5A2D /* SettingsView.swift in Sources */ = {isa = PBXBuildFile; fileRef = 5F3C91DB29DC5B1200BA5A2D /* SettingsView.swift */; };
		5F3C91DE29DC5B1B00BA5A2D /* VerifyView.swift in Sources */ = {isa = PBXBuildFile; fileRef = 5F3C91DD29DC5B1B00BA5A2D /* VerifyView.swift */; };
		5F3C91E029DC5EE500BA5A2D /* TrainingRecordsView.swift in Sources */ = {isa = PBXBuildFile; fileRef = 5F3C91DF29DC5EE500BA5A2D /* TrainingRecordsView.swift */; };
		5F3C91E229DC5F7000BA5A2D /* TrainingLabel.swift in Sources */ = {isa = PBXBuildFile; fileRef = 5F3C91E129DC5F7000BA5A2D /* TrainingLabel.swift */; };
		5F3C91E429DC60DF00BA5A2D /* AppDependencyContainer.swift in Sources */ = {isa = PBXBuildFile; fileRef = 5F3C91E329DC60DF00BA5A2D /* AppDependencyContainer.swift */; };
		5F3C91E629DC64B600BA5A2D /* LabelsViewModel.swift in Sources */ = {isa = PBXBuildFile; fileRef = 5F3C91E529DC64B600BA5A2D /* LabelsViewModel.swift */; };
		5F3C91EA29DD44C300BA5A2D /* ObserverForLabels.swift in Sources */ = {isa = PBXBuildFile; fileRef = 5F3C91E929DD44C300BA5A2D /* ObserverForLabels.swift */; };
		5F3C91F629DD4EE800BA5A2D /* ScopedState.swift in Sources */ = {isa = PBXBuildFile; fileRef = 5F3C91F529DD4EE800BA5A2D /* ScopedState.swift */; };
		5F3C91F829DD545D00BA5A2D /* ObserverForLabelsEventResponder.swift in Sources */ = {isa = PBXBuildFile; fileRef = 5F3C91F729DD545D00BA5A2D /* ObserverForLabelsEventResponder.swift */; };
		5F3C91FA29DD571900BA5A2D /* UseCase.swift in Sources */ = {isa = PBXBuildFile; fileRef = 5F3C91F929DD571900BA5A2D /* UseCase.swift */; };
		5F3C921329DD689B00BA5A2D /* AppState.swift in Sources */ = {isa = PBXBuildFile; fileRef = 5F3C920229DD689B00BA5A2D /* AppState.swift */; };
		5F3C921429DD689B00BA5A2D /* AppReducer.swift in Sources */ = {isa = PBXBuildFile; fileRef = 5F3C920329DD689B00BA5A2D /* AppReducer.swift */; };
		5F3C921529DD689B00BA5A2D /* TabBarState.swift in Sources */ = {isa = PBXBuildFile; fileRef = 5F3C920729DD689B00BA5A2D /* TabBarState.swift */; };
		5F3C921629DD689B00BA5A2D /* TabBarActions.swift in Sources */ = {isa = PBXBuildFile; fileRef = 5F3C920829DD689B00BA5A2D /* TabBarActions.swift */; };
		5F3C921729DD689B00BA5A2D /* LabelsActions.swift in Sources */ = {isa = PBXBuildFile; fileRef = 5F3C920B29DD689B00BA5A2D /* LabelsActions.swift */; };
		5F3C921829DD689B00BA5A2D /* LabelsGetters.swift in Sources */ = {isa = PBXBuildFile; fileRef = 5F3C920C29DD689B00BA5A2D /* LabelsGetters.swift */; };
		5F3C921929DD689B00BA5A2D /* LabelsState.swift in Sources */ = {isa = PBXBuildFile; fileRef = 5F3C920D29DD689B00BA5A2D /* LabelsState.swift */; };
		5F3C921A29DD689B00BA5A2D /* LabelsReducer.swift in Sources */ = {isa = PBXBuildFile; fileRef = 5F3C920E29DD689B00BA5A2D /* LabelsReducer.swift */; };
		5F3C921B29DD689B00BA5A2D /* TabBarGetters.swift in Sources */ = {isa = PBXBuildFile; fileRef = 5F3C920F29DD689B00BA5A2D /* TabBarGetters.swift */; };
		5F3C921C29DD689B00BA5A2D /* TabBarReducer.swift in Sources */ = {isa = PBXBuildFile; fileRef = 5F3C921029DD689B00BA5A2D /* TabBarReducer.swift */; };
		5F3C921D29DD689B00BA5A2D /* AppGetters.swift in Sources */ = {isa = PBXBuildFile; fileRef = 5F3C921129DD689B00BA5A2D /* AppGetters.swift */; };
		5F3C921E29DD689B00BA5A2D /* AppActions.swift in Sources */ = {isa = PBXBuildFile; fileRef = 5F3C921229DD689B00BA5A2D /* AppActions.swift */; };
		5F3C922229DDBB5500BA5A2D /* PersistentStore.swift in Sources */ = {isa = PBXBuildFile; fileRef = 5F3C922129DDBB5500BA5A2D /* PersistentStore.swift */; };
		5F3C922429DDBBCD00BA5A2D /* DiskManager.swift in Sources */ = {isa = PBXBuildFile; fileRef = 5F3C922329DDBBCD00BA5A2D /* DiskManager.swift */; };
		5F3C922B29DDC4D700BA5A2D /* Observer.swift in Sources */ = {isa = PBXBuildFile; fileRef = 5F3C922529DDC4D700BA5A2D /* Observer.swift */; };
		5F3C922C29DDC4D700BA5A2D /* ErrorMessage.swift in Sources */ = {isa = PBXBuildFile; fileRef = 5F3C922629DDC4D700BA5A2D /* ErrorMessage.swift */; };
		5F3C922D29DDC4D700BA5A2D /* ActionDispatcher.swift in Sources */ = {isa = PBXBuildFile; fileRef = 5F3C922829DDC4D700BA5A2D /* ActionDispatcher.swift */; };
		5F3C922E29DDC4D700BA5A2D /* StorePublisher.swift in Sources */ = {isa = PBXBuildFile; fileRef = 5F3C922929DDC4D700BA5A2D /* StorePublisher.swift */; };
		5F3C922F29DDC4D700BA5A2D /* ActionPrinterMiddleware.swift in Sources */ = {isa = PBXBuildFile; fileRef = 5F3C922A29DDC4D700BA5A2D /* ActionPrinterMiddleware.swift */; };
		5F3C923129DDC53B00BA5A2D /* TrainingDataRepository.swift in Sources */ = {isa = PBXBuildFile; fileRef = 5F3C923029DDC53B00BA5A2D /* TrainingDataRepository.swift */; };
		5F3C923329DDD52A00BA5A2D /* TrainingRecord.swift in Sources */ = {isa = PBXBuildFile; fileRef = 5F3C923229DDD52A00BA5A2D /* TrainingRecord.swift */; };
		5F5BBDAB29E6AA03003D8646 /* VerifyViewModel.swift in Sources */ = {isa = PBXBuildFile; fileRef = 5F5BBDAA29E6AA03003D8646 /* VerifyViewModel.swift */; };
		5F5BBDAD29E6AA61003D8646 /* Model.swift in Sources */ = {isa = PBXBuildFile; fileRef = 5F5BBDAC29E6AA61003D8646 /* Model.swift */; };
		5F5BBDAF29E6AB39003D8646 /* ObserverForVerify.swift in Sources */ = {isa = PBXBuildFile; fileRef = 5F5BBDAE29E6AB39003D8646 /* ObserverForVerify.swift */; };
		5F5BBDB129E6AB45003D8646 /* ObserverForVerifyEventResponder.swift in Sources */ = {isa = PBXBuildFile; fileRef = 5F5BBDB029E6AB45003D8646 /* ObserverForVerifyEventResponder.swift */; };
		5F5BBDB529E6AB89003D8646 /* VerifyActions.swift in Sources */ = {isa = PBXBuildFile; fileRef = 5F5BBDB229E6AB89003D8646 /* VerifyActions.swift */; };
		5F5BBDB629E6AB89003D8646 /* VerifyReducer.swift in Sources */ = {isa = PBXBuildFile; fileRef = 5F5BBDB329E6AB89003D8646 /* VerifyReducer.swift */; };
		5F5BBDB729E6AB89003D8646 /* VerifyState.swift in Sources */ = {isa = PBXBuildFile; fileRef = 5F5BBDB429E6AB89003D8646 /* VerifyState.swift */; };
		5F5BBDBA29E6B5F8003D8646 /* ImportModelUseCase.swift in Sources */ = {isa = PBXBuildFile; fileRef = 5F5BBDB929E6B5F8003D8646 /* ImportModelUseCase.swift */; };
		5F5BBDBC29E6B654003D8646 /* SaveModelUseCase.swift in Sources */ = {isa = PBXBuildFile; fileRef = 5F5BBDBB29E6B654003D8646 /* SaveModelUseCase.swift */; };
		5F5BBDBE29E6B9C6003D8646 /* CancelImportingModelUseCase.swift in Sources */ = {isa = PBXBuildFile; fileRef = 5F5BBDBD29E6B9C6003D8646 /* CancelImportingModelUseCase.swift */; };
		5F5BBDC029E6C07B003D8646 /* ModelRepository.swift in Sources */ = {isa = PBXBuildFile; fileRef = 5F5BBDBF29E6C07B003D8646 /* ModelRepository.swift */; };
		5F5BBDC229E6EC7B003D8646 /* RunModelUseCase.swift in Sources */ = {isa = PBXBuildFile; fileRef = 5F5BBDC129E6EC7B003D8646 /* RunModelUseCase.swift */; };
		5F5BBDC829E6FEDB003D8646 /* Prediction.swift in Sources */ = {isa = PBXBuildFile; fileRef = 5F5BBDC729E6FEDB003D8646 /* Prediction.swift */; };
		5F5BBDCA29E70581003D8646 /* StopModelUseCase.swift in Sources */ = {isa = PBXBuildFile; fileRef = 5F5BBDC929E70581003D8646 /* StopModelUseCase.swift */; };
		5F5BBDCC29E70C66003D8646 /* LoadModelUseCase.swift in Sources */ = {isa = PBXBuildFile; fileRef = 5F5BBDCB29E70C66003D8646 /* LoadModelUseCase.swift */; };
		5F7E08EA29E93D6E003453D5 /* Settings.swift in Sources */ = {isa = PBXBuildFile; fileRef = 5F7E08E929E93D6E003453D5 /* Settings.swift */; };
		5F7E08EC29E93DB7003453D5 /* SettingsViewModel.swift in Sources */ = {isa = PBXBuildFile; fileRef = 5F7E08EB29E93DB7003453D5 /* SettingsViewModel.swift */; };
		5F7E08EE29E94060003453D5 /* SettingsState.swift in Sources */ = {isa = PBXBuildFile; fileRef = 5F7E08ED29E94060003453D5 /* SettingsState.swift */; };
		5F7E08F029E94078003453D5 /* SettingsActions.swift in Sources */ = {isa = PBXBuildFile; fileRef = 5F7E08EF29E94078003453D5 /* SettingsActions.swift */; };
		5F7E08F429E94093003453D5 /* SettingsReducer.swift in Sources */ = {isa = PBXBuildFile; fileRef = 5F7E08F329E94093003453D5 /* SettingsReducer.swift */; };
		5F7E08F729E943A2003453D5 /* LoadSettingsUseCase.swift in Sources */ = {isa = PBXBuildFile; fileRef = 5F7E08F629E943A2003453D5 /* LoadSettingsUseCase.swift */; };
		5F7E08F929E943B1003453D5 /* SaveSettingsUseCase.swift in Sources */ = {isa = PBXBuildFile; fileRef = 5F7E08F829E943B1003453D5 /* SaveSettingsUseCase.swift */; };
		5F7E08FB29E94481003453D5 /* SettingsRepository.swift in Sources */ = {isa = PBXBuildFile; fileRef = 5F7E08FA29E94481003453D5 /* SettingsRepository.swift */; };
		5F7E08FD29E94B4C003453D5 /* UserDefaultsManager.swift in Sources */ = {isa = PBXBuildFile; fileRef = 5F7E08FC29E94B4C003453D5 /* UserDefaultsManager.swift */; };
		5F7E08FF29E94FDB003453D5 /* CloseSettingsErrorUseCase.swift in Sources */ = {isa = PBXBuildFile; fileRef = 5F7E08FE29E94FDB003453D5 /* CloseSettingsErrorUseCase.swift */; };
		5F7E090129E95244003453D5 /* ObserverForSettings.swift in Sources */ = {isa = PBXBuildFile; fileRef = 5F7E090029E95244003453D5 /* ObserverForSettings.swift */; };
		5F7E090329E95250003453D5 /* ObserverForSettingsEventResponder.swift in Sources */ = {isa = PBXBuildFile; fileRef = 5F7E090229E95250003453D5 /* ObserverForSettingsEventResponder.swift */; };
		5F7E090529E997FF003453D5 /* LabelsDependencyContainer.swift in Sources */ = {isa = PBXBuildFile; fileRef = 5F7E090429E997FF003453D5 /* LabelsDependencyContainer.swift */; };
		5FB1A4EC29E40E7C00A2220A /* AddTrainingRecordUseCase.swift in Sources */ = {isa = PBXBuildFile; fileRef = 5FB1A4E829E40E7C00A2220A /* AddTrainingRecordUseCase.swift */; };
		5FB1A4ED29E40E7C00A2220A /* GetTrainingRecordsUseCase.swift in Sources */ = {isa = PBXBuildFile; fileRef = 5FB1A4E929E40E7C00A2220A /* GetTrainingRecordsUseCase.swift */; };
		5FB1A4EE29E40E7C00A2220A /* RemoveTrainingRecordsUseCase.swift in Sources */ = {isa = PBXBuildFile; fileRef = 5FB1A4EA29E40E7C00A2220A /* RemoveTrainingRecordsUseCase.swift */; };
		5FB1A4EF29E40E7C00A2220A /* BackToLabelsUseCase.swift in Sources */ = {isa = PBXBuildFile; fileRef = 5FB1A4EB29E40E7C00A2220A /* BackToLabelsUseCase.swift */; };
		5FB1A4F129E4145000A2220A /* EditTrainingRecordsUseCase.swift in Sources */ = {isa = PBXBuildFile; fileRef = 5FB1A4F029E4145000A2220A /* EditTrainingRecordsUseCase.swift */; };
		5FB1A4F329E4145900A2220A /* CancelEditingTrainingRecordsUseCase.swift in Sources */ = {isa = PBXBuildFile; fileRef = 5FB1A4F229E4145900A2220A /* CancelEditingTrainingRecordsUseCase.swift */; };
		5FB1A4F529E4146500A2220A /* CloseTrainingRecordsErrorUseCase.swift in Sources */ = {isa = PBXBuildFile; fileRef = 5FB1A4F429E4146500A2220A /* CloseTrainingRecordsErrorUseCase.swift */; };
		5FB1A4F829E41E3500A2220A /* MotionManager.swift in Sources */ = {isa = PBXBuildFile; fileRef = 5FB1A4F729E41E3500A2220A /* MotionManager.swift */; };
		5FB1A4FA29E43BC000A2220A /* DeviceMotion.swift in Sources */ = {isa = PBXBuildFile; fileRef = 5FB1A4F929E43BC000A2220A /* DeviceMotion.swift */; };
		5FB1A4FC29E44DA500A2220A /* URL+Ext.swift in Sources */ = {isa = PBXBuildFile; fileRef = 5FB1A4FB29E44DA500A2220A /* URL+Ext.swift */; };
		5FB1A50329E4877D00A2220A /* Archiver.swift in Sources */ = {isa = PBXBuildFile; fileRef = 5FB1A50229E4877D00A2220A /* Archiver.swift */; };
		5FE726B229DEBFE9008AF5E0 /* TrainingRecordsViewModel.swift in Sources */ = {isa = PBXBuildFile; fileRef = 5FE726B129DEBFE9008AF5E0 /* TrainingRecordsViewModel.swift */; };
		5FE726B429DEC216008AF5E0 /* ObserverForTrainingRecords.swift in Sources */ = {isa = PBXBuildFile; fileRef = 5FE726B329DEC216008AF5E0 /* ObserverForTrainingRecords.swift */; };
		5FE726B629DEC243008AF5E0 /* ObserverForTrainingRecordsEventResponder.swift in Sources */ = {isa = PBXBuildFile; fileRef = 5FE726B529DEC243008AF5E0 /* ObserverForTrainingRecordsEventResponder.swift */; };
		5FE726B829DEC2A3008AF5E0 /* TrainingRecordsState.swift in Sources */ = {isa = PBXBuildFile; fileRef = 5FE726B729DEC2A3008AF5E0 /* TrainingRecordsState.swift */; };
		5FE726C029DEC322008AF5E0 /* TrainingRecordsActions.swift in Sources */ = {isa = PBXBuildFile; fileRef = 5FE726BF29DEC322008AF5E0 /* TrainingRecordsActions.swift */; };
		5FE726C429DECFFF008AF5E0 /* TrainingRecordsReducer.swift in Sources */ = {isa = PBXBuildFile; fileRef = 5FE726C329DECFFE008AF5E0 /* TrainingRecordsReducer.swift */; };
		5FE726DB29E0207F008AF5E0 /* CancelEditingLabelsUseCase.swift in Sources */ = {isa = PBXBuildFile; fileRef = 5FE726D029E0207F008AF5E0 /* CancelEditingLabelsUseCase.swift */; };
		5FE726DC29E0207F008AF5E0 /* ExportTrainingDataUseCase.swift in Sources */ = {isa = PBXBuildFile; fileRef = 5FE726D129E0207F008AF5E0 /* ExportTrainingDataUseCase.swift */; };
		5FE726DD29E0207F008AF5E0 /* AddLabelUseCase.swift in Sources */ = {isa = PBXBuildFile; fileRef = 5FE726D229E0207F008AF5E0 /* AddLabelUseCase.swift */; };
		5FE726DE29E0207F008AF5E0 /* GoToTrainingRecordsUseCase.swift in Sources */ = {isa = PBXBuildFile; fileRef = 5FE726D329E0207F008AF5E0 /* GoToTrainingRecordsUseCase.swift */; };
		5FE726E029E0207F008AF5E0 /* RemoveLabelsUseCase.swift in Sources */ = {isa = PBXBuildFile; fileRef = 5FE726D529E0207F008AF5E0 /* RemoveLabelsUseCase.swift */; };
		5FE726E229E0207F008AF5E0 /* EditLabelsUseCase.swift in Sources */ = {isa = PBXBuildFile; fileRef = 5FE726D729E0207F008AF5E0 /* EditLabelsUseCase.swift */; };
		5FE726E529E0207F008AF5E0 /* GetLabelsUseCase.swift in Sources */ = {isa = PBXBuildFile; fileRef = 5FE726DA29E0207F008AF5E0 /* GetLabelsUseCase.swift */; };
		5FE726E729E023C6008AF5E0 /* InputLabelNameUseCase.swift in Sources */ = {isa = PBXBuildFile; fileRef = 5FE726E629E023C6008AF5E0 /* InputLabelNameUseCase.swift */; };
		5FE726E929E023E2008AF5E0 /* CancelInputtingLabelNameUseCase.swift in Sources */ = {isa = PBXBuildFile; fileRef = 5FE726E829E023E2008AF5E0 /* CancelInputtingLabelNameUseCase.swift */; };
		5FE726EB29E0731D008AF5E0 /* CloseLabelsErrorUseCase.swift in Sources */ = {isa = PBXBuildFile; fileRef = 5FE726EA29E0731D008AF5E0 /* CloseLabelsErrorUseCase.swift */; };
		5FE726ED29E074DA008AF5E0 /* AlertDetails.swift in Sources */ = {isa = PBXBuildFile; fileRef = 5FE726EC29E074DA008AF5E0 /* AlertDetails.swift */; };
/* End PBXBuildFile section */

/* Begin PBXContainerItemProxy section */
		5F3C918829DC28FF00BA5A2D /* PBXContainerItemProxy */ = {
			isa = PBXContainerItemProxy;
			containerPortal = 5F3C916F29DC28FE00BA5A2D /* Project object */;
			proxyType = 1;
			remoteGlobalIDString = 5F3C917629DC28FE00BA5A2D;
			remoteInfo = ActivityClassifier;
		};
		5F3C919229DC28FF00BA5A2D /* PBXContainerItemProxy */ = {
			isa = PBXContainerItemProxy;
			containerPortal = 5F3C916F29DC28FE00BA5A2D /* Project object */;
			proxyType = 1;
			remoteGlobalIDString = 5F3C917629DC28FE00BA5A2D;
			remoteInfo = ActivityClassifier;
		};
/* End PBXContainerItemProxy section */

/* Begin PBXFileReference section */
		5F3C917729DC28FE00BA5A2D /* ActivityClassifier.app */ = {isa = PBXFileReference; explicitFileType = wrapper.application; includeInIndex = 0; path = ActivityClassifier.app; sourceTree = BUILT_PRODUCTS_DIR; };
		5F3C918729DC28FF00BA5A2D /* ActivityClassifierTests.xctest */ = {isa = PBXFileReference; explicitFileType = wrapper.cfbundle; includeInIndex = 0; path = ActivityClassifierTests.xctest; sourceTree = BUILT_PRODUCTS_DIR; };
		5F3C918B29DC28FF00BA5A2D /* ActivityClassifierTests.swift */ = {isa = PBXFileReference; lastKnownFileType = sourcecode.swift; path = ActivityClassifierTests.swift; sourceTree = "<group>"; };
		5F3C919129DC28FF00BA5A2D /* ActivityClassifierUITests.xctest */ = {isa = PBXFileReference; explicitFileType = wrapper.cfbundle; includeInIndex = 0; path = ActivityClassifierUITests.xctest; sourceTree = BUILT_PRODUCTS_DIR; };
		5F3C919529DC28FF00BA5A2D /* ActivityClassifierUITests.swift */ = {isa = PBXFileReference; lastKnownFileType = sourcecode.swift; path = ActivityClassifierUITests.swift; sourceTree = "<group>"; };
		5F3C919729DC28FF00BA5A2D /* ActivityClassifierUITestsLaunchTests.swift */ = {isa = PBXFileReference; lastKnownFileType = sourcecode.swift; path = ActivityClassifierUITestsLaunchTests.swift; sourceTree = "<group>"; };
		5F3C91AE29DC2ACE00BA5A2D /* Assets.xcassets */ = {isa = PBXFileReference; lastKnownFileType = folder.assetcatalog; path = Assets.xcassets; sourceTree = "<group>"; };
		5F3C91BF29DC2F3400BA5A2D /* ActivityClassifierApp.swift */ = {isa = PBXFileReference; fileEncoding = 4; lastKnownFileType = sourcecode.swift; path = ActivityClassifierApp.swift; sourceTree = "<group>"; };
		5F3C91D729DC5ABC00BA5A2D /* TabBarView.swift */ = {isa = PBXFileReference; lastKnownFileType = sourcecode.swift; path = TabBarView.swift; sourceTree = "<group>"; };
		5F3C91D929DC5B0B00BA5A2D /* LabelsView.swift */ = {isa = PBXFileReference; lastKnownFileType = sourcecode.swift; path = LabelsView.swift; sourceTree = "<group>"; };
		5F3C91DB29DC5B1200BA5A2D /* SettingsView.swift */ = {isa = PBXFileReference; lastKnownFileType = sourcecode.swift; path = SettingsView.swift; sourceTree = "<group>"; };
		5F3C91DD29DC5B1B00BA5A2D /* VerifyView.swift */ = {isa = PBXFileReference; lastKnownFileType = sourcecode.swift; path = VerifyView.swift; sourceTree = "<group>"; };
		5F3C91DF29DC5EE500BA5A2D /* TrainingRecordsView.swift */ = {isa = PBXFileReference; lastKnownFileType = sourcecode.swift; path = TrainingRecordsView.swift; sourceTree = "<group>"; };
		5F3C91E129DC5F7000BA5A2D /* TrainingLabel.swift */ = {isa = PBXFileReference; lastKnownFileType = sourcecode.swift; path = TrainingLabel.swift; sourceTree = "<group>"; };
		5F3C91E329DC60DF00BA5A2D /* AppDependencyContainer.swift */ = {isa = PBXFileReference; lastKnownFileType = sourcecode.swift; path = AppDependencyContainer.swift; sourceTree = "<group>"; };
		5F3C91E529DC64B600BA5A2D /* LabelsViewModel.swift */ = {isa = PBXFileReference; lastKnownFileType = sourcecode.swift; path = LabelsViewModel.swift; sourceTree = "<group>"; };
		5F3C91E929DD44C300BA5A2D /* ObserverForLabels.swift */ = {isa = PBXFileReference; lastKnownFileType = sourcecode.swift; path = ObserverForLabels.swift; sourceTree = "<group>"; };
		5F3C91F529DD4EE800BA5A2D /* ScopedState.swift */ = {isa = PBXFileReference; lastKnownFileType = sourcecode.swift; path = ScopedState.swift; sourceTree = "<group>"; };
		5F3C91F729DD545D00BA5A2D /* ObserverForLabelsEventResponder.swift */ = {isa = PBXFileReference; lastKnownFileType = sourcecode.swift; path = ObserverForLabelsEventResponder.swift; sourceTree = "<group>"; };
		5F3C91F929DD571900BA5A2D /* UseCase.swift */ = {isa = PBXFileReference; lastKnownFileType = sourcecode.swift; path = UseCase.swift; sourceTree = "<group>"; };
		5F3C920229DD689B00BA5A2D /* AppState.swift */ = {isa = PBXFileReference; fileEncoding = 4; lastKnownFileType = sourcecode.swift; path = AppState.swift; sourceTree = "<group>"; };
		5F3C920329DD689B00BA5A2D /* AppReducer.swift */ = {isa = PBXFileReference; fileEncoding = 4; lastKnownFileType = sourcecode.swift; path = AppReducer.swift; sourceTree = "<group>"; };
		5F3C920729DD689B00BA5A2D /* TabBarState.swift */ = {isa = PBXFileReference; fileEncoding = 4; lastKnownFileType = sourcecode.swift; path = TabBarState.swift; sourceTree = "<group>"; };
		5F3C920829DD689B00BA5A2D /* TabBarActions.swift */ = {isa = PBXFileReference; fileEncoding = 4; lastKnownFileType = sourcecode.swift; path = TabBarActions.swift; sourceTree = "<group>"; };
		5F3C920B29DD689B00BA5A2D /* LabelsActions.swift */ = {isa = PBXFileReference; fileEncoding = 4; lastKnownFileType = sourcecode.swift; path = LabelsActions.swift; sourceTree = "<group>"; };
		5F3C920C29DD689B00BA5A2D /* LabelsGetters.swift */ = {isa = PBXFileReference; fileEncoding = 4; lastKnownFileType = sourcecode.swift; path = LabelsGetters.swift; sourceTree = "<group>"; };
		5F3C920D29DD689B00BA5A2D /* LabelsState.swift */ = {isa = PBXFileReference; fileEncoding = 4; lastKnownFileType = sourcecode.swift; path = LabelsState.swift; sourceTree = "<group>"; };
		5F3C920E29DD689B00BA5A2D /* LabelsReducer.swift */ = {isa = PBXFileReference; fileEncoding = 4; lastKnownFileType = sourcecode.swift; path = LabelsReducer.swift; sourceTree = "<group>"; };
		5F3C920F29DD689B00BA5A2D /* TabBarGetters.swift */ = {isa = PBXFileReference; fileEncoding = 4; lastKnownFileType = sourcecode.swift; path = TabBarGetters.swift; sourceTree = "<group>"; };
		5F3C921029DD689B00BA5A2D /* TabBarReducer.swift */ = {isa = PBXFileReference; fileEncoding = 4; lastKnownFileType = sourcecode.swift; path = TabBarReducer.swift; sourceTree = "<group>"; };
		5F3C921129DD689B00BA5A2D /* AppGetters.swift */ = {isa = PBXFileReference; fileEncoding = 4; lastKnownFileType = sourcecode.swift; path = AppGetters.swift; sourceTree = "<group>"; };
		5F3C921229DD689B00BA5A2D /* AppActions.swift */ = {isa = PBXFileReference; fileEncoding = 4; lastKnownFileType = sourcecode.swift; path = AppActions.swift; sourceTree = "<group>"; };
		5F3C922129DDBB5500BA5A2D /* PersistentStore.swift */ = {isa = PBXFileReference; lastKnownFileType = sourcecode.swift; path = PersistentStore.swift; sourceTree = "<group>"; };
		5F3C922329DDBBCD00BA5A2D /* DiskManager.swift */ = {isa = PBXFileReference; lastKnownFileType = sourcecode.swift; path = DiskManager.swift; sourceTree = "<group>"; };
		5F3C922529DDC4D700BA5A2D /* Observer.swift */ = {isa = PBXFileReference; fileEncoding = 4; lastKnownFileType = sourcecode.swift; path = Observer.swift; sourceTree = "<group>"; };
		5F3C922629DDC4D700BA5A2D /* ErrorMessage.swift */ = {isa = PBXFileReference; fileEncoding = 4; lastKnownFileType = sourcecode.swift; path = ErrorMessage.swift; sourceTree = "<group>"; };
		5F3C922829DDC4D700BA5A2D /* ActionDispatcher.swift */ = {isa = PBXFileReference; fileEncoding = 4; lastKnownFileType = sourcecode.swift; path = ActionDispatcher.swift; sourceTree = "<group>"; };
		5F3C922929DDC4D700BA5A2D /* StorePublisher.swift */ = {isa = PBXFileReference; fileEncoding = 4; lastKnownFileType = sourcecode.swift; path = StorePublisher.swift; sourceTree = "<group>"; };
		5F3C922A29DDC4D700BA5A2D /* ActionPrinterMiddleware.swift */ = {isa = PBXFileReference; fileEncoding = 4; lastKnownFileType = sourcecode.swift; path = ActionPrinterMiddleware.swift; sourceTree = "<group>"; };
		5F3C923029DDC53B00BA5A2D /* TrainingDataRepository.swift */ = {isa = PBXFileReference; lastKnownFileType = sourcecode.swift; path = TrainingDataRepository.swift; sourceTree = "<group>"; };
		5F3C923229DDD52A00BA5A2D /* TrainingRecord.swift */ = {isa = PBXFileReference; lastKnownFileType = sourcecode.swift; path = TrainingRecord.swift; sourceTree = "<group>"; };
		5F5BBDAA29E6AA03003D8646 /* VerifyViewModel.swift */ = {isa = PBXFileReference; lastKnownFileType = sourcecode.swift; path = VerifyViewModel.swift; sourceTree = "<group>"; };
		5F5BBDAC29E6AA61003D8646 /* Model.swift */ = {isa = PBXFileReference; lastKnownFileType = sourcecode.swift; path = Model.swift; sourceTree = "<group>"; };
		5F5BBDAE29E6AB39003D8646 /* ObserverForVerify.swift */ = {isa = PBXFileReference; lastKnownFileType = sourcecode.swift; path = ObserverForVerify.swift; sourceTree = "<group>"; };
		5F5BBDB029E6AB45003D8646 /* ObserverForVerifyEventResponder.swift */ = {isa = PBXFileReference; lastKnownFileType = sourcecode.swift; path = ObserverForVerifyEventResponder.swift; sourceTree = "<group>"; };
		5F5BBDB229E6AB89003D8646 /* VerifyActions.swift */ = {isa = PBXFileReference; fileEncoding = 4; lastKnownFileType = sourcecode.swift; path = VerifyActions.swift; sourceTree = "<group>"; };
		5F5BBDB329E6AB89003D8646 /* VerifyReducer.swift */ = {isa = PBXFileReference; fileEncoding = 4; lastKnownFileType = sourcecode.swift; path = VerifyReducer.swift; sourceTree = "<group>"; };
		5F5BBDB429E6AB89003D8646 /* VerifyState.swift */ = {isa = PBXFileReference; fileEncoding = 4; lastKnownFileType = sourcecode.swift; path = VerifyState.swift; sourceTree = "<group>"; };
		5F5BBDB929E6B5F8003D8646 /* ImportModelUseCase.swift */ = {isa = PBXFileReference; lastKnownFileType = sourcecode.swift; path = ImportModelUseCase.swift; sourceTree = "<group>"; };
		5F5BBDBB29E6B654003D8646 /* SaveModelUseCase.swift */ = {isa = PBXFileReference; lastKnownFileType = sourcecode.swift; path = SaveModelUseCase.swift; sourceTree = "<group>"; };
		5F5BBDBD29E6B9C6003D8646 /* CancelImportingModelUseCase.swift */ = {isa = PBXFileReference; lastKnownFileType = sourcecode.swift; path = CancelImportingModelUseCase.swift; sourceTree = "<group>"; };
		5F5BBDBF29E6C07B003D8646 /* ModelRepository.swift */ = {isa = PBXFileReference; lastKnownFileType = sourcecode.swift; path = ModelRepository.swift; sourceTree = "<group>"; };
		5F5BBDC129E6EC7B003D8646 /* RunModelUseCase.swift */ = {isa = PBXFileReference; lastKnownFileType = sourcecode.swift; path = RunModelUseCase.swift; sourceTree = "<group>"; };
		5F5BBDC729E6FEDB003D8646 /* Prediction.swift */ = {isa = PBXFileReference; lastKnownFileType = sourcecode.swift; path = Prediction.swift; sourceTree = "<group>"; };
		5F5BBDC929E70581003D8646 /* StopModelUseCase.swift */ = {isa = PBXFileReference; lastKnownFileType = sourcecode.swift; path = StopModelUseCase.swift; sourceTree = "<group>"; };
		5F5BBDCB29E70C66003D8646 /* LoadModelUseCase.swift */ = {isa = PBXFileReference; lastKnownFileType = sourcecode.swift; path = LoadModelUseCase.swift; sourceTree = "<group>"; };
		5F7E08E929E93D6E003453D5 /* Settings.swift */ = {isa = PBXFileReference; lastKnownFileType = sourcecode.swift; path = Settings.swift; sourceTree = "<group>"; };
		5F7E08EB29E93DB7003453D5 /* SettingsViewModel.swift */ = {isa = PBXFileReference; lastKnownFileType = sourcecode.swift; path = SettingsViewModel.swift; sourceTree = "<group>"; };
		5F7E08ED29E94060003453D5 /* SettingsState.swift */ = {isa = PBXFileReference; lastKnownFileType = sourcecode.swift; path = SettingsState.swift; sourceTree = "<group>"; };
		5F7E08EF29E94078003453D5 /* SettingsActions.swift */ = {isa = PBXFileReference; lastKnownFileType = sourcecode.swift; path = SettingsActions.swift; sourceTree = "<group>"; };
		5F7E08F329E94093003453D5 /* SettingsReducer.swift */ = {isa = PBXFileReference; lastKnownFileType = sourcecode.swift; path = SettingsReducer.swift; sourceTree = "<group>"; };
		5F7E08F629E943A2003453D5 /* LoadSettingsUseCase.swift */ = {isa = PBXFileReference; lastKnownFileType = sourcecode.swift; path = LoadSettingsUseCase.swift; sourceTree = "<group>"; };
		5F7E08F829E943B1003453D5 /* SaveSettingsUseCase.swift */ = {isa = PBXFileReference; lastKnownFileType = sourcecode.swift; path = SaveSettingsUseCase.swift; sourceTree = "<group>"; };
		5F7E08FA29E94481003453D5 /* SettingsRepository.swift */ = {isa = PBXFileReference; lastKnownFileType = sourcecode.swift; path = SettingsRepository.swift; sourceTree = "<group>"; };
		5F7E08FC29E94B4C003453D5 /* UserDefaultsManager.swift */ = {isa = PBXFileReference; lastKnownFileType = sourcecode.swift; path = UserDefaultsManager.swift; sourceTree = "<group>"; };
		5F7E08FE29E94FDB003453D5 /* CloseSettingsErrorUseCase.swift */ = {isa = PBXFileReference; lastKnownFileType = sourcecode.swift; path = CloseSettingsErrorUseCase.swift; sourceTree = "<group>"; };
		5F7E090029E95244003453D5 /* ObserverForSettings.swift */ = {isa = PBXFileReference; lastKnownFileType = sourcecode.swift; path = ObserverForSettings.swift; sourceTree = "<group>"; };
		5F7E090229E95250003453D5 /* ObserverForSettingsEventResponder.swift */ = {isa = PBXFileReference; lastKnownFileType = sourcecode.swift; path = ObserverForSettingsEventResponder.swift; sourceTree = "<group>"; };
		5F7E090429E997FF003453D5 /* LabelsDependencyContainer.swift */ = {isa = PBXFileReference; lastKnownFileType = sourcecode.swift; path = LabelsDependencyContainer.swift; sourceTree = "<group>"; };
		5FB1A4E829E40E7C00A2220A /* AddTrainingRecordUseCase.swift */ = {isa = PBXFileReference; fileEncoding = 4; lastKnownFileType = sourcecode.swift; path = AddTrainingRecordUseCase.swift; sourceTree = "<group>"; };
		5FB1A4E929E40E7C00A2220A /* GetTrainingRecordsUseCase.swift */ = {isa = PBXFileReference; fileEncoding = 4; lastKnownFileType = sourcecode.swift; path = GetTrainingRecordsUseCase.swift; sourceTree = "<group>"; };
		5FB1A4EA29E40E7C00A2220A /* RemoveTrainingRecordsUseCase.swift */ = {isa = PBXFileReference; fileEncoding = 4; lastKnownFileType = sourcecode.swift; path = RemoveTrainingRecordsUseCase.swift; sourceTree = "<group>"; };
		5FB1A4EB29E40E7C00A2220A /* BackToLabelsUseCase.swift */ = {isa = PBXFileReference; fileEncoding = 4; lastKnownFileType = sourcecode.swift; path = BackToLabelsUseCase.swift; sourceTree = "<group>"; };
		5FB1A4F029E4145000A2220A /* EditTrainingRecordsUseCase.swift */ = {isa = PBXFileReference; lastKnownFileType = sourcecode.swift; path = EditTrainingRecordsUseCase.swift; sourceTree = "<group>"; };
		5FB1A4F229E4145900A2220A /* CancelEditingTrainingRecordsUseCase.swift */ = {isa = PBXFileReference; lastKnownFileType = sourcecode.swift; path = CancelEditingTrainingRecordsUseCase.swift; sourceTree = "<group>"; };
		5FB1A4F429E4146500A2220A /* CloseTrainingRecordsErrorUseCase.swift */ = {isa = PBXFileReference; lastKnownFileType = sourcecode.swift; path = CloseTrainingRecordsErrorUseCase.swift; sourceTree = "<group>"; };
		5FB1A4F729E41E3500A2220A /* MotionManager.swift */ = {isa = PBXFileReference; lastKnownFileType = sourcecode.swift; path = MotionManager.swift; sourceTree = "<group>"; };
		5FB1A4F929E43BC000A2220A /* DeviceMotion.swift */ = {isa = PBXFileReference; lastKnownFileType = sourcecode.swift; path = DeviceMotion.swift; sourceTree = "<group>"; };
		5FB1A4FB29E44DA500A2220A /* URL+Ext.swift */ = {isa = PBXFileReference; lastKnownFileType = sourcecode.swift; path = "URL+Ext.swift"; sourceTree = "<group>"; };
		5FB1A50129E4832200A2220A /* Info.plist */ = {isa = PBXFileReference; lastKnownFileType = text.plist; path = Info.plist; sourceTree = "<group>"; };
		5FB1A50229E4877D00A2220A /* Archiver.swift */ = {isa = PBXFileReference; fileEncoding = 4; lastKnownFileType = sourcecode.swift; path = Archiver.swift; sourceTree = "<group>"; };
		5FE726B129DEBFE9008AF5E0 /* TrainingRecordsViewModel.swift */ = {isa = PBXFileReference; lastKnownFileType = sourcecode.swift; path = TrainingRecordsViewModel.swift; sourceTree = "<group>"; };
		5FE726B329DEC216008AF5E0 /* ObserverForTrainingRecords.swift */ = {isa = PBXFileReference; lastKnownFileType = sourcecode.swift; path = ObserverForTrainingRecords.swift; sourceTree = "<group>"; };
		5FE726B529DEC243008AF5E0 /* ObserverForTrainingRecordsEventResponder.swift */ = {isa = PBXFileReference; lastKnownFileType = sourcecode.swift; path = ObserverForTrainingRecordsEventResponder.swift; sourceTree = "<group>"; };
		5FE726B729DEC2A3008AF5E0 /* TrainingRecordsState.swift */ = {isa = PBXFileReference; lastKnownFileType = sourcecode.swift; path = TrainingRecordsState.swift; sourceTree = "<group>"; };
		5FE726BF29DEC322008AF5E0 /* TrainingRecordsActions.swift */ = {isa = PBXFileReference; lastKnownFileType = sourcecode.swift; path = TrainingRecordsActions.swift; sourceTree = "<group>"; };
		5FE726C329DECFFE008AF5E0 /* TrainingRecordsReducer.swift */ = {isa = PBXFileReference; lastKnownFileType = sourcecode.swift; path = TrainingRecordsReducer.swift; sourceTree = "<group>"; };
		5FE726D029E0207F008AF5E0 /* CancelEditingLabelsUseCase.swift */ = {isa = PBXFileReference; fileEncoding = 4; lastKnownFileType = sourcecode.swift; path = CancelEditingLabelsUseCase.swift; sourceTree = "<group>"; };
		5FE726D129E0207F008AF5E0 /* ExportTrainingDataUseCase.swift */ = {isa = PBXFileReference; fileEncoding = 4; lastKnownFileType = sourcecode.swift; path = ExportTrainingDataUseCase.swift; sourceTree = "<group>"; };
		5FE726D229E0207F008AF5E0 /* AddLabelUseCase.swift */ = {isa = PBXFileReference; fileEncoding = 4; lastKnownFileType = sourcecode.swift; path = AddLabelUseCase.swift; sourceTree = "<group>"; };
		5FE726D329E0207F008AF5E0 /* GoToTrainingRecordsUseCase.swift */ = {isa = PBXFileReference; fileEncoding = 4; lastKnownFileType = sourcecode.swift; path = GoToTrainingRecordsUseCase.swift; sourceTree = "<group>"; };
		5FE726D529E0207F008AF5E0 /* RemoveLabelsUseCase.swift */ = {isa = PBXFileReference; fileEncoding = 4; lastKnownFileType = sourcecode.swift; path = RemoveLabelsUseCase.swift; sourceTree = "<group>"; };
		5FE726D729E0207F008AF5E0 /* EditLabelsUseCase.swift */ = {isa = PBXFileReference; fileEncoding = 4; lastKnownFileType = sourcecode.swift; path = EditLabelsUseCase.swift; sourceTree = "<group>"; };
		5FE726DA29E0207F008AF5E0 /* GetLabelsUseCase.swift */ = {isa = PBXFileReference; fileEncoding = 4; lastKnownFileType = sourcecode.swift; path = GetLabelsUseCase.swift; sourceTree = "<group>"; };
		5FE726E629E023C6008AF5E0 /* InputLabelNameUseCase.swift */ = {isa = PBXFileReference; lastKnownFileType = sourcecode.swift; path = InputLabelNameUseCase.swift; sourceTree = "<group>"; };
		5FE726E829E023E2008AF5E0 /* CancelInputtingLabelNameUseCase.swift */ = {isa = PBXFileReference; lastKnownFileType = sourcecode.swift; path = CancelInputtingLabelNameUseCase.swift; sourceTree = "<group>"; };
		5FE726EA29E0731D008AF5E0 /* CloseLabelsErrorUseCase.swift */ = {isa = PBXFileReference; lastKnownFileType = sourcecode.swift; path = CloseLabelsErrorUseCase.swift; sourceTree = "<group>"; };
		5FE726EC29E074DA008AF5E0 /* AlertDetails.swift */ = {isa = PBXFileReference; lastKnownFileType = sourcecode.swift; path = AlertDetails.swift; sourceTree = "<group>"; };
/* End PBXFileReference section */

/* Begin PBXFrameworksBuildPhase section */
		5F3C917429DC28FE00BA5A2D /* Frameworks */ = {
			isa = PBXFrameworksBuildPhase;
			buildActionMask = 2147483647;
			files = (
				5F3C91A629DC29AB00BA5A2D /* ReSwift in Frameworks */,
			);
			runOnlyForDeploymentPostprocessing = 0;
		};
		5F3C918429DC28FF00BA5A2D /* Frameworks */ = {
			isa = PBXFrameworksBuildPhase;
			buildActionMask = 2147483647;
			files = (
			);
			runOnlyForDeploymentPostprocessing = 0;
		};
		5F3C918E29DC28FF00BA5A2D /* Frameworks */ = {
			isa = PBXFrameworksBuildPhase;
			buildActionMask = 2147483647;
			files = (
			);
			runOnlyForDeploymentPostprocessing = 0;
		};
/* End PBXFrameworksBuildPhase section */

/* Begin PBXGroup section */
		5F3C916E29DC28FE00BA5A2D = {
			isa = PBXGroup;
			children = (
				5F3C917929DC28FE00BA5A2D /* ActivityClassifier */,
				5F3C918A29DC28FF00BA5A2D /* ActivityClassifierTests */,
				5F3C919429DC28FF00BA5A2D /* ActivityClassifierUITests */,
				5F3C917829DC28FE00BA5A2D /* Products */,
			);
			sourceTree = "<group>";
		};
		5F3C917829DC28FE00BA5A2D /* Products */ = {
			isa = PBXGroup;
			children = (
				5F3C917729DC28FE00BA5A2D /* ActivityClassifier.app */,
				5F3C918729DC28FF00BA5A2D /* ActivityClassifierTests.xctest */,
				5F3C919129DC28FF00BA5A2D /* ActivityClassifierUITests.xctest */,
			);
			name = Products;
			sourceTree = "<group>";
		};
		5F3C917929DC28FE00BA5A2D /* ActivityClassifier */ = {
			isa = PBXGroup;
			children = (
				5FB1A50129E4832200A2220A /* Info.plist */,
				5F3C91BA29DC2F3400BA5A2D /* DataLayer */,
				5F3C91AB29DC2ACE00BA5A2D /* Injected */,
				5F3C91AD29DC2ACE00BA5A2D /* Resources */,
				5F3C91C429DC2F3400BA5A2D /* Reusable */,
				5F3C91BE29DC2F3400BA5A2D /* UILayer */,
				5F3C91AF29DC2ACE00BA5A2D /* UseCases */,
				5F3C91AA29DC2ACE00BA5A2D /* Utils */,
			);
			path = ActivityClassifier;
			sourceTree = "<group>";
		};
		5F3C918A29DC28FF00BA5A2D /* ActivityClassifierTests */ = {
			isa = PBXGroup;
			children = (
				5F3C918B29DC28FF00BA5A2D /* ActivityClassifierTests.swift */,
			);
			path = ActivityClassifierTests;
			sourceTree = "<group>";
		};
		5F3C919429DC28FF00BA5A2D /* ActivityClassifierUITests */ = {
			isa = PBXGroup;
			children = (
				5F3C919529DC28FF00BA5A2D /* ActivityClassifierUITests.swift */,
				5F3C919729DC28FF00BA5A2D /* ActivityClassifierUITestsLaunchTests.swift */,
			);
			path = ActivityClassifierUITests;
			sourceTree = "<group>";
		};
		5F3C91AA29DC2ACE00BA5A2D /* Utils */ = {
			isa = PBXGroup;
			children = (
				5FB1A50229E4877D00A2220A /* Archiver.swift */,
			);
			path = Utils;
			sourceTree = "<group>";
		};
		5F3C91AB29DC2ACE00BA5A2D /* Injected */ = {
			isa = PBXGroup;
			children = (
				5F3C91E329DC60DF00BA5A2D /* AppDependencyContainer.swift */,
			);
			path = Injected;
			sourceTree = "<group>";
		};
		5F3C91AD29DC2ACE00BA5A2D /* Resources */ = {
			isa = PBXGroup;
			children = (
				5F3C91AE29DC2ACE00BA5A2D /* Assets.xcassets */,
			);
			path = Resources;
			sourceTree = "<group>";
		};
		5F3C91AF29DC2ACE00BA5A2D /* UseCases */ = {
			isa = PBXGroup;
			children = (
				5F3C91F929DD571900BA5A2D /* UseCase.swift */,
				5FE726CF29E0207F008AF5E0 /* Labels */,
				5F7E08F529E9438D003453D5 /* Settings */,
				5FB1A4E729E40E7C00A2220A /* TrainingRecords */,
				5F5BBDB829E6B5C4003D8646 /* Verify */,
			);
			path = UseCases;
			sourceTree = "<group>";
		};
		5F3C91BA29DC2F3400BA5A2D /* DataLayer */ = {
			isa = PBXGroup;
			children = (
				5FB1A4F629E41E2A00A2220A /* Managers */,
				5F3C91BB29DC2F3400BA5A2D /* Repositories */,
				5F3C91BC29DC2F3400BA5A2D /* Models */,
				5F3C91BD29DC2F3400BA5A2D /* Persistance */,
			);
			path = DataLayer;
			sourceTree = "<group>";
		};
		5F3C91BB29DC2F3400BA5A2D /* Repositories */ = {
			isa = PBXGroup;
			children = (
				5F3C923029DDC53B00BA5A2D /* TrainingDataRepository.swift */,
				5F5BBDBF29E6C07B003D8646 /* ModelRepository.swift */,
				5F7E08FA29E94481003453D5 /* SettingsRepository.swift */,
			);
			path = Repositories;
			sourceTree = "<group>";
		};
		5F3C91BC29DC2F3400BA5A2D /* Models */ = {
			isa = PBXGroup;
			children = (
				5F3C91E129DC5F7000BA5A2D /* TrainingLabel.swift */,
				5F3C923229DDD52A00BA5A2D /* TrainingRecord.swift */,
				5FB1A4F929E43BC000A2220A /* DeviceMotion.swift */,
				5F5BBDAC29E6AA61003D8646 /* Model.swift */,
				5F5BBDC729E6FEDB003D8646 /* Prediction.swift */,
				5F7E08E929E93D6E003453D5 /* Settings.swift */,
			);
			path = Models;
			sourceTree = "<group>";
		};
		5F3C91BD29DC2F3400BA5A2D /* Persistance */ = {
			isa = PBXGroup;
			children = (
				5F3C922129DDBB5500BA5A2D /* PersistentStore.swift */,
				5F3C922329DDBBCD00BA5A2D /* DiskManager.swift */,
				5F7E08FC29E94B4C003453D5 /* UserDefaultsManager.swift */,
			);
			path = Persistance;
			sourceTree = "<group>";
		};
		5F3C91BE29DC2F3400BA5A2D /* UILayer */ = {
			isa = PBXGroup;
			children = (
				5F3C91BF29DC2F3400BA5A2D /* ActivityClassifierApp.swift */,
				5F3C91C029DC2F3400BA5A2D /* Screens */,
				5F3C91C129DC2F3400BA5A2D /* Redux */,
				5F3C91C329DC2F3400BA5A2D /* Reusable */,
			);
			path = UILayer;
			sourceTree = "<group>";
		};
		5F3C91C029DC2F3400BA5A2D /* Screens */ = {
			isa = PBXGroup;
			children = (
				5F3C91CF29DC31E700BA5A2D /* Labels */,
				5F3C91D229DC31E700BA5A2D /* Settings */,
				5F3C91D029DC31E700BA5A2D /* TabBar */,
				5F3C91D329DC31E700BA5A2D /* TrainingRecords */,
				5F3C91D129DC31E700BA5A2D /* Verify */,
			);
			path = Screens;
			sourceTree = "<group>";
		};
		5F3C91C129DC2F3400BA5A2D /* Redux */ = {
			isa = PBXGroup;
			children = (
				5F3C920129DD689B00BA5A2D /* App */,
				5F3C91F529DD4EE800BA5A2D /* ScopedState.swift */,
			);
			path = Redux;
			sourceTree = "<group>";
		};
		5F3C91C329DC2F3400BA5A2D /* Reusable */ = {
			isa = PBXGroup;
			children = (
				5FE726EC29E074DA008AF5E0 /* AlertDetails.swift */,
			);
			path = Reusable;
			sourceTree = "<group>";
		};
		5F3C91C429DC2F3400BA5A2D /* Reusable */ = {
			isa = PBXGroup;
			children = (
				5FB1A4FB29E44DA500A2220A /* URL+Ext.swift */,
				5F3C922629DDC4D700BA5A2D /* ErrorMessage.swift */,
				5F3C922529DDC4D700BA5A2D /* Observer.swift */,
				5F3C922729DDC4D700BA5A2D /* Redux */,
			);
			path = Reusable;
			sourceTree = "<group>";
		};
		5F3C91CF29DC31E700BA5A2D /* Labels */ = {
			isa = PBXGroup;
			children = (
				5F7E090429E997FF003453D5 /* LabelsDependencyContainer.swift */,
				5F3C91D929DC5B0B00BA5A2D /* LabelsView.swift */,
				5F3C91E529DC64B600BA5A2D /* LabelsViewModel.swift */,
				5F3C91E929DD44C300BA5A2D /* ObserverForLabels.swift */,
				5F3C91F729DD545D00BA5A2D /* ObserverForLabelsEventResponder.swift */,
			);
			path = Labels;
			sourceTree = "<group>";
		};
		5F3C91D029DC31E700BA5A2D /* TabBar */ = {
			isa = PBXGroup;
			children = (
				5F3C91D729DC5ABC00BA5A2D /* TabBarView.swift */,
			);
			path = TabBar;
			sourceTree = "<group>";
		};
		5F3C91D129DC31E700BA5A2D /* Verify */ = {
			isa = PBXGroup;
			children = (
				5F3C91DD29DC5B1B00BA5A2D /* VerifyView.swift */,
				5F5BBDAA29E6AA03003D8646 /* VerifyViewModel.swift */,
				5F5BBDAE29E6AB39003D8646 /* ObserverForVerify.swift */,
				5F5BBDB029E6AB45003D8646 /* ObserverForVerifyEventResponder.swift */,
			);
			path = Verify;
			sourceTree = "<group>";
		};
		5F3C91D229DC31E700BA5A2D /* Settings */ = {
			isa = PBXGroup;
			children = (
				5F3C91DB29DC5B1200BA5A2D /* SettingsView.swift */,
				5F7E08EB29E93DB7003453D5 /* SettingsViewModel.swift */,
				5F7E090029E95244003453D5 /* ObserverForSettings.swift */,
				5F7E090229E95250003453D5 /* ObserverForSettingsEventResponder.swift */,
			);
			path = Settings;
			sourceTree = "<group>";
		};
		5F3C91D329DC31E700BA5A2D /* TrainingRecords */ = {
			isa = PBXGroup;
			children = (
				5F3C91DF29DC5EE500BA5A2D /* TrainingRecordsView.swift */,
				5FE726B129DEBFE9008AF5E0 /* TrainingRecordsViewModel.swift */,
				5FE726B329DEC216008AF5E0 /* ObserverForTrainingRecords.swift */,
				5FE726B529DEC243008AF5E0 /* ObserverForTrainingRecordsEventResponder.swift */,
			);
			path = TrainingRecords;
			sourceTree = "<group>";
		};
		5F3C920129DD689B00BA5A2D /* App */ = {
			isa = PBXGroup;
			children = (
				5F3C920229DD689B00BA5A2D /* AppState.swift */,
				5F3C920329DD689B00BA5A2D /* AppReducer.swift */,
				5F3C921129DD689B00BA5A2D /* AppGetters.swift */,
				5F3C921229DD689B00BA5A2D /* AppActions.swift */,
				5F3C920429DD689B00BA5A2D /* TabBar */,
			);
			path = App;
			sourceTree = "<group>";
		};
		5F3C920429DD689B00BA5A2D /* TabBar */ = {
			isa = PBXGroup;
			children = (
				5F3C920729DD689B00BA5A2D /* TabBarState.swift */,
				5F3C920829DD689B00BA5A2D /* TabBarActions.swift */,
				5F3C920F29DD689B00BA5A2D /* TabBarGetters.swift */,
				5F3C921029DD689B00BA5A2D /* TabBarReducer.swift */,
				5F3C920529DD689B00BA5A2D /* Settings */,
				5F3C920629DD689B00BA5A2D /* Verify */,
				5F3C920929DD689B00BA5A2D /* Labels */,
			);
			path = TabBar;
			sourceTree = "<group>";
		};
		5F3C920529DD689B00BA5A2D /* Settings */ = {
			isa = PBXGroup;
			children = (
				5F7E08EF29E94078003453D5 /* SettingsActions.swift */,
				5F7E08F329E94093003453D5 /* SettingsReducer.swift */,
				5F7E08ED29E94060003453D5 /* SettingsState.swift */,
			);
			path = Settings;
			sourceTree = "<group>";
		};
		5F3C920629DD689B00BA5A2D /* Verify */ = {
			isa = PBXGroup;
			children = (
				5F5BBDB229E6AB89003D8646 /* VerifyActions.swift */,
				5F5BBDB329E6AB89003D8646 /* VerifyReducer.swift */,
				5F5BBDB429E6AB89003D8646 /* VerifyState.swift */,
			);
			path = Verify;
			sourceTree = "<group>";
		};
		5F3C920929DD689B00BA5A2D /* Labels */ = {
			isa = PBXGroup;
			children = (
				5F3C920B29DD689B00BA5A2D /* LabelsActions.swift */,
				5F3C920C29DD689B00BA5A2D /* LabelsGetters.swift */,
				5F3C920D29DD689B00BA5A2D /* LabelsState.swift */,
				5F3C920E29DD689B00BA5A2D /* LabelsReducer.swift */,
				5F3C920A29DD689B00BA5A2D /* TrainingRecords */,
			);
			path = Labels;
			sourceTree = "<group>";
		};
		5F3C920A29DD689B00BA5A2D /* TrainingRecords */ = {
			isa = PBXGroup;
			children = (
				5FE726B729DEC2A3008AF5E0 /* TrainingRecordsState.swift */,
				5FE726BF29DEC322008AF5E0 /* TrainingRecordsActions.swift */,
				5FE726C329DECFFE008AF5E0 /* TrainingRecordsReducer.swift */,
			);
			path = TrainingRecords;
			sourceTree = "<group>";
		};
		5F3C922729DDC4D700BA5A2D /* Redux */ = {
			isa = PBXGroup;
			children = (
				5F3C922829DDC4D700BA5A2D /* ActionDispatcher.swift */,
				5F3C922929DDC4D700BA5A2D /* StorePublisher.swift */,
				5F3C922A29DDC4D700BA5A2D /* ActionPrinterMiddleware.swift */,
			);
			path = Redux;
			sourceTree = "<group>";
		};
		5F5BBDB829E6B5C4003D8646 /* Verify */ = {
			isa = PBXGroup;
			children = (
				5F5BBDB929E6B5F8003D8646 /* ImportModelUseCase.swift */,
				5F5BBDBD29E6B9C6003D8646 /* CancelImportingModelUseCase.swift */,
				5F5BBDBB29E6B654003D8646 /* SaveModelUseCase.swift */,
				5F5BBDC129E6EC7B003D8646 /* RunModelUseCase.swift */,
				5F5BBDC929E70581003D8646 /* StopModelUseCase.swift */,
				5F5BBDCB29E70C66003D8646 /* LoadModelUseCase.swift */,
			);
			path = Verify;
			sourceTree = "<group>";
		};
		5F7E08F529E9438D003453D5 /* Settings */ = {
			isa = PBXGroup;
			children = (
				5F7E08F629E943A2003453D5 /* LoadSettingsUseCase.swift */,
				5F7E08F829E943B1003453D5 /* SaveSettingsUseCase.swift */,
				5F7E08FE29E94FDB003453D5 /* CloseSettingsErrorUseCase.swift */,
			);
			path = Settings;
			sourceTree = "<group>";
		};
		5FB1A4E729E40E7C00A2220A /* TrainingRecords */ = {
			isa = PBXGroup;
			children = (
				5FB1A4E829E40E7C00A2220A /* AddTrainingRecordUseCase.swift */,
				5FB1A4E929E40E7C00A2220A /* GetTrainingRecordsUseCase.swift */,
				5FB1A4EA29E40E7C00A2220A /* RemoveTrainingRecordsUseCase.swift */,
				5FB1A4EB29E40E7C00A2220A /* BackToLabelsUseCase.swift */,
				5FB1A4F029E4145000A2220A /* EditTrainingRecordsUseCase.swift */,
				5FB1A4F229E4145900A2220A /* CancelEditingTrainingRecordsUseCase.swift */,
				5FB1A4F429E4146500A2220A /* CloseTrainingRecordsErrorUseCase.swift */,
			);
			path = TrainingRecords;
			sourceTree = "<group>";
		};
		5FB1A4F629E41E2A00A2220A /* Managers */ = {
			isa = PBXGroup;
			children = (
				5FB1A4F729E41E3500A2220A /* MotionManager.swift */,
			);
			path = Managers;
			sourceTree = "<group>";
		};
		5FE726CF29E0207F008AF5E0 /* Labels */ = {
			isa = PBXGroup;
			children = (
				5FE726D029E0207F008AF5E0 /* CancelEditingLabelsUseCase.swift */,
				5FE726D129E0207F008AF5E0 /* ExportTrainingDataUseCase.swift */,
				5FE726D229E0207F008AF5E0 /* AddLabelUseCase.swift */,
				5FE726D329E0207F008AF5E0 /* GoToTrainingRecordsUseCase.swift */,
				5FE726D529E0207F008AF5E0 /* RemoveLabelsUseCase.swift */,
				5FE726D729E0207F008AF5E0 /* EditLabelsUseCase.swift */,
				5FE726DA29E0207F008AF5E0 /* GetLabelsUseCase.swift */,
				5FE726E629E023C6008AF5E0 /* InputLabelNameUseCase.swift */,
				5FE726E829E023E2008AF5E0 /* CancelInputtingLabelNameUseCase.swift */,
				5FE726EA29E0731D008AF5E0 /* CloseLabelsErrorUseCase.swift */,
			);
			path = Labels;
			sourceTree = "<group>";
		};
/* End PBXGroup section */

/* Begin PBXNativeTarget section */
		5F3C917629DC28FE00BA5A2D /* ActivityClassifier */ = {
			isa = PBXNativeTarget;
			buildConfigurationList = 5F3C919B29DC28FF00BA5A2D /* Build configuration list for PBXNativeTarget "ActivityClassifier" */;
			buildPhases = (
				5F3C917329DC28FE00BA5A2D /* Sources */,
				5F3C917429DC28FE00BA5A2D /* Frameworks */,
				5F3C917529DC28FE00BA5A2D /* Resources */,
			);
			buildRules = (
			);
			dependencies = (
			);
			name = ActivityClassifier;
			packageProductDependencies = (
				5F3C91A529DC29AB00BA5A2D /* ReSwift */,
			);
			productName = ActivityClassifier;
			productReference = 5F3C917729DC28FE00BA5A2D /* ActivityClassifier.app */;
			productType = "com.apple.product-type.application";
		};
		5F3C918629DC28FF00BA5A2D /* ActivityClassifierTests */ = {
			isa = PBXNativeTarget;
			buildConfigurationList = 5F3C919E29DC28FF00BA5A2D /* Build configuration list for PBXNativeTarget "ActivityClassifierTests" */;
			buildPhases = (
				5F3C918329DC28FF00BA5A2D /* Sources */,
				5F3C918429DC28FF00BA5A2D /* Frameworks */,
				5F3C918529DC28FF00BA5A2D /* Resources */,
			);
			buildRules = (
			);
			dependencies = (
				5F3C918929DC28FF00BA5A2D /* PBXTargetDependency */,
			);
			name = ActivityClassifierTests;
			productName = ActivityClassifierTests;
			productReference = 5F3C918729DC28FF00BA5A2D /* ActivityClassifierTests.xctest */;
			productType = "com.apple.product-type.bundle.unit-test";
		};
		5F3C919029DC28FF00BA5A2D /* ActivityClassifierUITests */ = {
			isa = PBXNativeTarget;
			buildConfigurationList = 5F3C91A129DC28FF00BA5A2D /* Build configuration list for PBXNativeTarget "ActivityClassifierUITests" */;
			buildPhases = (
				5F3C918D29DC28FF00BA5A2D /* Sources */,
				5F3C918E29DC28FF00BA5A2D /* Frameworks */,
				5F3C918F29DC28FF00BA5A2D /* Resources */,
			);
			buildRules = (
			);
			dependencies = (
				5F3C919329DC28FF00BA5A2D /* PBXTargetDependency */,
			);
			name = ActivityClassifierUITests;
			productName = ActivityClassifierUITests;
			productReference = 5F3C919129DC28FF00BA5A2D /* ActivityClassifierUITests.xctest */;
			productType = "com.apple.product-type.bundle.ui-testing";
		};
/* End PBXNativeTarget section */

/* Begin PBXProject section */
		5F3C916F29DC28FE00BA5A2D /* Project object */ = {
			isa = PBXProject;
			attributes = {
				BuildIndependentTargetsInParallel = 1;
				LastSwiftUpdateCheck = 1420;
				LastUpgradeCheck = 1420;
				TargetAttributes = {
					5F3C917629DC28FE00BA5A2D = {
						CreatedOnToolsVersion = 14.2;
						LastSwiftMigration = 1420;
					};
					5F3C918629DC28FF00BA5A2D = {
						CreatedOnToolsVersion = 14.2;
						TestTargetID = 5F3C917629DC28FE00BA5A2D;
					};
					5F3C919029DC28FF00BA5A2D = {
						CreatedOnToolsVersion = 14.2;
						TestTargetID = 5F3C917629DC28FE00BA5A2D;
					};
				};
			};
			buildConfigurationList = 5F3C917229DC28FE00BA5A2D /* Build configuration list for PBXProject "ActivityClassifier" */;
			compatibilityVersion = "Xcode 14.0";
			developmentRegion = en;
			hasScannedForEncodings = 0;
			knownRegions = (
				en,
				Base,
			);
			mainGroup = 5F3C916E29DC28FE00BA5A2D;
			packageReferences = (
				5F3C91A429DC29AB00BA5A2D /* XCRemoteSwiftPackageReference "ReSwift" */,
			);
			productRefGroup = 5F3C917829DC28FE00BA5A2D /* Products */;
			projectDirPath = "";
			projectRoot = "";
			targets = (
				5F3C917629DC28FE00BA5A2D /* ActivityClassifier */,
				5F3C918629DC28FF00BA5A2D /* ActivityClassifierTests */,
				5F3C919029DC28FF00BA5A2D /* ActivityClassifierUITests */,
			);
		};
/* End PBXProject section */

/* Begin PBXResourcesBuildPhase section */
		5F3C917529DC28FE00BA5A2D /* Resources */ = {
			isa = PBXResourcesBuildPhase;
			buildActionMask = 2147483647;
			files = (
				5F3C91B429DC2ACF00BA5A2D /* Assets.xcassets in Resources */,
			);
			runOnlyForDeploymentPostprocessing = 0;
		};
		5F3C918529DC28FF00BA5A2D /* Resources */ = {
			isa = PBXResourcesBuildPhase;
			buildActionMask = 2147483647;
			files = (
			);
			runOnlyForDeploymentPostprocessing = 0;
		};
		5F3C918F29DC28FF00BA5A2D /* Resources */ = {
			isa = PBXResourcesBuildPhase;
			buildActionMask = 2147483647;
			files = (
			);
			runOnlyForDeploymentPostprocessing = 0;
		};
/* End PBXResourcesBuildPhase section */

/* Begin PBXSourcesBuildPhase section */
		5F3C917329DC28FE00BA5A2D /* Sources */ = {
			isa = PBXSourcesBuildPhase;
			buildActionMask = 2147483647;
			files = (
				5F7E08F029E94078003453D5 /* SettingsActions.swift in Sources */,
				5F3C91DE29DC5B1B00BA5A2D /* VerifyView.swift in Sources */,
				5F3C922B29DDC4D700BA5A2D /* Observer.swift in Sources */,
				5F3C921C29DD689B00BA5A2D /* TabBarReducer.swift in Sources */,
				5F3C921729DD689B00BA5A2D /* LabelsActions.swift in Sources */,
				5F5BBDBA29E6B5F8003D8646 /* ImportModelUseCase.swift in Sources */,
				5FE726E229E0207F008AF5E0 /* EditLabelsUseCase.swift in Sources */,
				5FE726E729E023C6008AF5E0 /* InputLabelNameUseCase.swift in Sources */,
				5F5BBDC029E6C07B003D8646 /* ModelRepository.swift in Sources */,
				5F3C923129DDC53B00BA5A2D /* TrainingDataRepository.swift in Sources */,
				5FB1A50329E4877D00A2220A /* Archiver.swift in Sources */,
				5FE726DC29E0207F008AF5E0 /* ExportTrainingDataUseCase.swift in Sources */,
				5FE726C429DECFFF008AF5E0 /* TrainingRecordsReducer.swift in Sources */,
				5F7E090529E997FF003453D5 /* LabelsDependencyContainer.swift in Sources */,
				5F7E08FF29E94FDB003453D5 /* CloseSettingsErrorUseCase.swift in Sources */,
				5F3C921829DD689B00BA5A2D /* LabelsGetters.swift in Sources */,
				5F5BBDCA29E70581003D8646 /* StopModelUseCase.swift in Sources */,
				5FE726E029E0207F008AF5E0 /* RemoveLabelsUseCase.swift in Sources */,
				5F3C921E29DD689B00BA5A2D /* AppActions.swift in Sources */,
				5FB1A4EE29E40E7C00A2220A /* RemoveTrainingRecordsUseCase.swift in Sources */,
				5FB1A4FA29E43BC000A2220A /* DeviceMotion.swift in Sources */,
				5F3C921429DD689B00BA5A2D /* AppReducer.swift in Sources */,
				5F5BBDAB29E6AA03003D8646 /* VerifyViewModel.swift in Sources */,
				5FE726B829DEC2A3008AF5E0 /* TrainingRecordsState.swift in Sources */,
				5FE726E929E023E2008AF5E0 /* CancelInputtingLabelNameUseCase.swift in Sources */,
				5F3C91EA29DD44C300BA5A2D /* ObserverForLabels.swift in Sources */,
				5F3C91FA29DD571900BA5A2D /* UseCase.swift in Sources */,
				5F5BBDC829E6FEDB003D8646 /* Prediction.swift in Sources */,
				5F3C923329DDD52A00BA5A2D /* TrainingRecord.swift in Sources */,
				5FB1A4EC29E40E7C00A2220A /* AddTrainingRecordUseCase.swift in Sources */,
				5F5BBDAD29E6AA61003D8646 /* Model.swift in Sources */,
				5FE726DB29E0207F008AF5E0 /* CancelEditingLabelsUseCase.swift in Sources */,
				5F3C91DA29DC5B0B00BA5A2D /* LabelsView.swift in Sources */,
				5F3C921929DD689B00BA5A2D /* LabelsState.swift in Sources */,
				5FE726E529E0207F008AF5E0 /* GetLabelsUseCase.swift in Sources */,
				5F3C922E29DDC4D700BA5A2D /* StorePublisher.swift in Sources */,
				5F3C91F829DD545D00BA5A2D /* ObserverForLabelsEventResponder.swift in Sources */,
				5F3C91E029DC5EE500BA5A2D /* TrainingRecordsView.swift in Sources */,
				5FB1A4ED29E40E7C00A2220A /* GetTrainingRecordsUseCase.swift in Sources */,
				5F3C922D29DDC4D700BA5A2D /* ActionDispatcher.swift in Sources */,
				5FE726ED29E074DA008AF5E0 /* AlertDetails.swift in Sources */,
				5FE726B629DEC243008AF5E0 /* ObserverForTrainingRecordsEventResponder.swift in Sources */,
				5F3C922229DDBB5500BA5A2D /* PersistentStore.swift in Sources */,
				5F7E08F929E943B1003453D5 /* SaveSettingsUseCase.swift in Sources */,
				5F5BBDAF29E6AB39003D8646 /* ObserverForVerify.swift in Sources */,
				5F7E08EC29E93DB7003453D5 /* SettingsViewModel.swift in Sources */,
				5F7E08FB29E94481003453D5 /* SettingsRepository.swift in Sources */,
				5FB1A4F529E4146500A2220A /* CloseTrainingRecordsErrorUseCase.swift in Sources */,
				5F5BBDB529E6AB89003D8646 /* VerifyActions.swift in Sources */,
				5F5BBDBC29E6B654003D8646 /* SaveModelUseCase.swift in Sources */,
				5F3C91F629DD4EE800BA5A2D /* ScopedState.swift in Sources */,
				5FB1A4EF29E40E7C00A2220A /* BackToLabelsUseCase.swift in Sources */,
				5F3C91DC29DC5B1200BA5A2D /* SettingsView.swift in Sources */,
				5F7E090129E95244003453D5 /* ObserverForSettings.swift in Sources */,
				5F7E08EE29E94060003453D5 /* SettingsState.swift in Sources */,
				5FB1A4F329E4145900A2220A /* CancelEditingTrainingRecordsUseCase.swift in Sources */,
				5FE726B229DEBFE9008AF5E0 /* TrainingRecordsViewModel.swift in Sources */,
				5F3C922F29DDC4D700BA5A2D /* ActionPrinterMiddleware.swift in Sources */,
				5FE726DD29E0207F008AF5E0 /* AddLabelUseCase.swift in Sources */,
				5FE726C029DEC322008AF5E0 /* TrainingRecordsActions.swift in Sources */,
				5F5BBDB129E6AB45003D8646 /* ObserverForVerifyEventResponder.swift in Sources */,
				5F5BBDC229E6EC7B003D8646 /* RunModelUseCase.swift in Sources */,
				5F7E08EA29E93D6E003453D5 /* Settings.swift in Sources */,
				5FE726B429DEC216008AF5E0 /* ObserverForTrainingRecords.swift in Sources */,
				5F3C91E429DC60DF00BA5A2D /* AppDependencyContainer.swift in Sources */,
				5F7E08F429E94093003453D5 /* SettingsReducer.swift in Sources */,
				5F3C921A29DD689B00BA5A2D /* LabelsReducer.swift in Sources */,
				5F5BBDCC29E70C66003D8646 /* LoadModelUseCase.swift in Sources */,
				5F5BBDB729E6AB89003D8646 /* VerifyState.swift in Sources */,
				5F3C91E229DC5F7000BA5A2D /* TrainingLabel.swift in Sources */,
				5F3C91D829DC5ABC00BA5A2D /* TabBarView.swift in Sources */,
				5F7E090329E95250003453D5 /* ObserverForSettingsEventResponder.swift in Sources */,
				5F7E08FD29E94B4C003453D5 /* UserDefaultsManager.swift in Sources */,
				5F3C921329DD689B00BA5A2D /* AppState.swift in Sources */,
				5F3C922429DDBBCD00BA5A2D /* DiskManager.swift in Sources */,
				5F3C91C529DC2F3400BA5A2D /* ActivityClassifierApp.swift in Sources */,
				5F3C921D29DD689B00BA5A2D /* AppGetters.swift in Sources */,
				5F5BBDB629E6AB89003D8646 /* VerifyReducer.swift in Sources */,
				5FB1A4FC29E44DA500A2220A /* URL+Ext.swift in Sources */,
				5FB1A4F829E41E3500A2220A /* MotionManager.swift in Sources */,
				5FB1A4F129E4145000A2220A /* EditTrainingRecordsUseCase.swift in Sources */,
				5FE726DE29E0207F008AF5E0 /* GoToTrainingRecordsUseCase.swift in Sources */,
				5F3C921629DD689B00BA5A2D /* TabBarActions.swift in Sources */,
				5F3C922C29DDC4D700BA5A2D /* ErrorMessage.swift in Sources */,
				5F3C921529DD689B00BA5A2D /* TabBarState.swift in Sources */,
				5F7E08F729E943A2003453D5 /* LoadSettingsUseCase.swift in Sources */,
				5FE726EB29E0731D008AF5E0 /* CloseLabelsErrorUseCase.swift in Sources */,
				5F3C91E629DC64B600BA5A2D /* LabelsViewModel.swift in Sources */,
				5F3C921B29DD689B00BA5A2D /* TabBarGetters.swift in Sources */,
				5F5BBDBE29E6B9C6003D8646 /* CancelImportingModelUseCase.swift in Sources */,
			);
			runOnlyForDeploymentPostprocessing = 0;
		};
		5F3C918329DC28FF00BA5A2D /* Sources */ = {
			isa = PBXSourcesBuildPhase;
			buildActionMask = 2147483647;
			files = (
				5F3C918C29DC28FF00BA5A2D /* ActivityClassifierTests.swift in Sources */,
			);
			runOnlyForDeploymentPostprocessing = 0;
		};
		5F3C918D29DC28FF00BA5A2D /* Sources */ = {
			isa = PBXSourcesBuildPhase;
			buildActionMask = 2147483647;
			files = (
				5F3C919829DC28FF00BA5A2D /* ActivityClassifierUITestsLaunchTests.swift in Sources */,
				5F3C919629DC28FF00BA5A2D /* ActivityClassifierUITests.swift in Sources */,
			);
			runOnlyForDeploymentPostprocessing = 0;
		};
/* End PBXSourcesBuildPhase section */

/* Begin PBXTargetDependency section */
		5F3C918929DC28FF00BA5A2D /* PBXTargetDependency */ = {
			isa = PBXTargetDependency;
			target = 5F3C917629DC28FE00BA5A2D /* ActivityClassifier */;
			targetProxy = 5F3C918829DC28FF00BA5A2D /* PBXContainerItemProxy */;
		};
		5F3C919329DC28FF00BA5A2D /* PBXTargetDependency */ = {
			isa = PBXTargetDependency;
			target = 5F3C917629DC28FE00BA5A2D /* ActivityClassifier */;
			targetProxy = 5F3C919229DC28FF00BA5A2D /* PBXContainerItemProxy */;
		};
/* End PBXTargetDependency section */

/* Begin XCBuildConfiguration section */
		5F3C919929DC28FF00BA5A2D /* Debug */ = {
			isa = XCBuildConfiguration;
			buildSettings = {
				ALWAYS_SEARCH_USER_PATHS = NO;
				CLANG_ANALYZER_NONNULL = YES;
				CLANG_ANALYZER_NUMBER_OBJECT_CONVERSION = YES_AGGRESSIVE;
				CLANG_CXX_LANGUAGE_STANDARD = "gnu++20";
				CLANG_ENABLE_MODULES = YES;
				CLANG_ENABLE_OBJC_ARC = YES;
				CLANG_ENABLE_OBJC_WEAK = YES;
				CLANG_WARN_BLOCK_CAPTURE_AUTORELEASING = YES;
				CLANG_WARN_BOOL_CONVERSION = YES;
				CLANG_WARN_COMMA = YES;
				CLANG_WARN_CONSTANT_CONVERSION = YES;
				CLANG_WARN_DEPRECATED_OBJC_IMPLEMENTATIONS = YES;
				CLANG_WARN_DIRECT_OBJC_ISA_USAGE = YES_ERROR;
				CLANG_WARN_DOCUMENTATION_COMMENTS = YES;
				CLANG_WARN_EMPTY_BODY = YES;
				CLANG_WARN_ENUM_CONVERSION = YES;
				CLANG_WARN_INFINITE_RECURSION = YES;
				CLANG_WARN_INT_CONVERSION = YES;
				CLANG_WARN_NON_LITERAL_NULL_CONVERSION = YES;
				CLANG_WARN_OBJC_IMPLICIT_RETAIN_SELF = YES;
				CLANG_WARN_OBJC_LITERAL_CONVERSION = YES;
				CLANG_WARN_OBJC_ROOT_CLASS = YES_ERROR;
				CLANG_WARN_QUOTED_INCLUDE_IN_FRAMEWORK_HEADER = YES;
				CLANG_WARN_RANGE_LOOP_ANALYSIS = YES;
				CLANG_WARN_STRICT_PROTOTYPES = YES;
				CLANG_WARN_SUSPICIOUS_MOVE = YES;
				CLANG_WARN_UNGUARDED_AVAILABILITY = YES_AGGRESSIVE;
				CLANG_WARN_UNREACHABLE_CODE = YES;
				CLANG_WARN__DUPLICATE_METHOD_MATCH = YES;
				COPY_PHASE_STRIP = NO;
				DEBUG_INFORMATION_FORMAT = dwarf;
				ENABLE_STRICT_OBJC_MSGSEND = YES;
				ENABLE_TESTABILITY = YES;
				GCC_C_LANGUAGE_STANDARD = gnu11;
				GCC_DYNAMIC_NO_PIC = NO;
				GCC_NO_COMMON_BLOCKS = YES;
				GCC_OPTIMIZATION_LEVEL = 0;
				GCC_PREPROCESSOR_DEFINITIONS = (
					"DEBUG=1",
					"$(inherited)",
				);
				GCC_WARN_64_TO_32_BIT_CONVERSION = YES;
				GCC_WARN_ABOUT_RETURN_TYPE = YES_ERROR;
				GCC_WARN_UNDECLARED_SELECTOR = YES;
				GCC_WARN_UNINITIALIZED_AUTOS = YES_AGGRESSIVE;
				GCC_WARN_UNUSED_FUNCTION = YES;
				GCC_WARN_UNUSED_VARIABLE = YES;
				IPHONEOS_DEPLOYMENT_TARGET = 16.2;
				MTL_ENABLE_DEBUG_INFO = INCLUDE_SOURCE;
				MTL_FAST_MATH = YES;
				ONLY_ACTIVE_ARCH = YES;
				SDKROOT = iphoneos;
				SWIFT_ACTIVE_COMPILATION_CONDITIONS = DEBUG;
				SWIFT_OPTIMIZATION_LEVEL = "-Onone";
			};
			name = Debug;
		};
		5F3C919A29DC28FF00BA5A2D /* Release */ = {
			isa = XCBuildConfiguration;
			buildSettings = {
				ALWAYS_SEARCH_USER_PATHS = NO;
				CLANG_ANALYZER_NONNULL = YES;
				CLANG_ANALYZER_NUMBER_OBJECT_CONVERSION = YES_AGGRESSIVE;
				CLANG_CXX_LANGUAGE_STANDARD = "gnu++20";
				CLANG_ENABLE_MODULES = YES;
				CLANG_ENABLE_OBJC_ARC = YES;
				CLANG_ENABLE_OBJC_WEAK = YES;
				CLANG_WARN_BLOCK_CAPTURE_AUTORELEASING = YES;
				CLANG_WARN_BOOL_CONVERSION = YES;
				CLANG_WARN_COMMA = YES;
				CLANG_WARN_CONSTANT_CONVERSION = YES;
				CLANG_WARN_DEPRECATED_OBJC_IMPLEMENTATIONS = YES;
				CLANG_WARN_DIRECT_OBJC_ISA_USAGE = YES_ERROR;
				CLANG_WARN_DOCUMENTATION_COMMENTS = YES;
				CLANG_WARN_EMPTY_BODY = YES;
				CLANG_WARN_ENUM_CONVERSION = YES;
				CLANG_WARN_INFINITE_RECURSION = YES;
				CLANG_WARN_INT_CONVERSION = YES;
				CLANG_WARN_NON_LITERAL_NULL_CONVERSION = YES;
				CLANG_WARN_OBJC_IMPLICIT_RETAIN_SELF = YES;
				CLANG_WARN_OBJC_LITERAL_CONVERSION = YES;
				CLANG_WARN_OBJC_ROOT_CLASS = YES_ERROR;
				CLANG_WARN_QUOTED_INCLUDE_IN_FRAMEWORK_HEADER = YES;
				CLANG_WARN_RANGE_LOOP_ANALYSIS = YES;
				CLANG_WARN_STRICT_PROTOTYPES = YES;
				CLANG_WARN_SUSPICIOUS_MOVE = YES;
				CLANG_WARN_UNGUARDED_AVAILABILITY = YES_AGGRESSIVE;
				CLANG_WARN_UNREACHABLE_CODE = YES;
				CLANG_WARN__DUPLICATE_METHOD_MATCH = YES;
				COPY_PHASE_STRIP = NO;
				DEBUG_INFORMATION_FORMAT = "dwarf-with-dsym";
				ENABLE_NS_ASSERTIONS = NO;
				ENABLE_STRICT_OBJC_MSGSEND = YES;
				GCC_C_LANGUAGE_STANDARD = gnu11;
				GCC_NO_COMMON_BLOCKS = YES;
				GCC_WARN_64_TO_32_BIT_CONVERSION = YES;
				GCC_WARN_ABOUT_RETURN_TYPE = YES_ERROR;
				GCC_WARN_UNDECLARED_SELECTOR = YES;
				GCC_WARN_UNINITIALIZED_AUTOS = YES_AGGRESSIVE;
				GCC_WARN_UNUSED_FUNCTION = YES;
				GCC_WARN_UNUSED_VARIABLE = YES;
				IPHONEOS_DEPLOYMENT_TARGET = 16.2;
				MTL_ENABLE_DEBUG_INFO = NO;
				MTL_FAST_MATH = YES;
				SDKROOT = iphoneos;
				SWIFT_COMPILATION_MODE = wholemodule;
				SWIFT_OPTIMIZATION_LEVEL = "-O";
				VALIDATE_PRODUCT = YES;
			};
			name = Release;
		};
		5F3C919C29DC28FF00BA5A2D /* Debug */ = {
			isa = XCBuildConfiguration;
			buildSettings = {
				ASSETCATALOG_COMPILER_APPICON_NAME = AppIcon;
				ASSETCATALOG_COMPILER_GLOBAL_ACCENT_COLOR_NAME = AccentColor;
				CLANG_ENABLE_MODULES = YES;
				CODE_SIGN_STYLE = Automatic;
				CURRENT_PROJECT_VERSION = 1;
				DEVELOPMENT_TEAM = D249BKW3TA;
				ENABLE_PREVIEWS = YES;
				GENERATE_INFOPLIST_FILE = YES;
				INFOPLIST_FILE = ActivityClassifier/Info.plist;
				INFOPLIST_KEY_NSMotionUsageDescription = "Collect motion data to identify and classify activities";
				INFOPLIST_KEY_UIApplicationSceneManifest_Generation = YES;
				INFOPLIST_KEY_UIApplicationSupportsIndirectInputEvents = YES;
				INFOPLIST_KEY_UILaunchScreen_Generation = YES;
				INFOPLIST_KEY_UIRequiredDeviceCapabilities = accelerometer;
				INFOPLIST_KEY_UISupportedInterfaceOrientations = UIInterfaceOrientationPortrait;
				INFOPLIST_KEY_UISupportedInterfaceOrientations_iPad = "UIInterfaceOrientationLandscapeLeft UIInterfaceOrientationLandscapeRight UIInterfaceOrientationPortrait UIInterfaceOrientationPortraitUpsideDown";
				LD_RUNPATH_SEARCH_PATHS = (
					"$(inherited)",
					"@executable_path/Frameworks",
				);
				MARKETING_VERSION = 1.0;
				PRODUCT_BUNDLE_IDENTIFIER = com.sergeikvasov.ActivityClassifier;
				PRODUCT_NAME = "$(TARGET_NAME)";
				SWIFT_EMIT_LOC_STRINGS = YES;
				SWIFT_OPTIMIZATION_LEVEL = "-Onone";
				SWIFT_VERSION = 5.0;
				TARGETED_DEVICE_FAMILY = "1,2";
			};
			name = Debug;
		};
		5F3C919D29DC28FF00BA5A2D /* Release */ = {
			isa = XCBuildConfiguration;
			buildSettings = {
				ASSETCATALOG_COMPILER_APPICON_NAME = AppIcon;
				ASSETCATALOG_COMPILER_GLOBAL_ACCENT_COLOR_NAME = AccentColor;
				CLANG_ENABLE_MODULES = YES;
				CODE_SIGN_STYLE = Automatic;
				CURRENT_PROJECT_VERSION = 1;
				DEVELOPMENT_TEAM = D249BKW3TA;
				ENABLE_PREVIEWS = YES;
				GENERATE_INFOPLIST_FILE = YES;
				INFOPLIST_FILE = ActivityClassifier/Info.plist;
				INFOPLIST_KEY_NSMotionUsageDescription = "Collect motion data to identify and classify activities";
				INFOPLIST_KEY_UIApplicationSceneManifest_Generation = YES;
				INFOPLIST_KEY_UIApplicationSupportsIndirectInputEvents = YES;
				INFOPLIST_KEY_UILaunchScreen_Generation = YES;
				INFOPLIST_KEY_UIRequiredDeviceCapabilities = accelerometer;
				INFOPLIST_KEY_UISupportedInterfaceOrientations = UIInterfaceOrientationPortrait;
				INFOPLIST_KEY_UISupportedInterfaceOrientations_iPad = "UIInterfaceOrientationLandscapeLeft UIInterfaceOrientationLandscapeRight UIInterfaceOrientationPortrait UIInterfaceOrientationPortraitUpsideDown";
				LD_RUNPATH_SEARCH_PATHS = (
					"$(inherited)",
					"@executable_path/Frameworks",
				);
				MARKETING_VERSION = 1.0;
				PRODUCT_BUNDLE_IDENTIFIER = com.sergeikvasov.ActivityClassifier;
				PRODUCT_NAME = "$(TARGET_NAME)";
				SWIFT_EMIT_LOC_STRINGS = YES;
				SWIFT_VERSION = 5.0;
				TARGETED_DEVICE_FAMILY = "1,2";
			};
			name = Release;
		};
		5F3C919F29DC28FF00BA5A2D /* Debug */ = {
			isa = XCBuildConfiguration;
			buildSettings = {
				ALWAYS_EMBED_SWIFT_STANDARD_LIBRARIES = YES;
				BUNDLE_LOADER = "$(TEST_HOST)";
				CODE_SIGN_STYLE = Automatic;
				CURRENT_PROJECT_VERSION = 1;
				DEVELOPMENT_TEAM = D249BKW3TA;
				GENERATE_INFOPLIST_FILE = YES;
				IPHONEOS_DEPLOYMENT_TARGET = 16.2;
				MARKETING_VERSION = 1.0;
				PRODUCT_BUNDLE_IDENTIFIER = com.sergeikvasov.ActivityClassifierTests;
				PRODUCT_NAME = "$(TARGET_NAME)";
				SWIFT_EMIT_LOC_STRINGS = NO;
				SWIFT_VERSION = 5.0;
				TARGETED_DEVICE_FAMILY = "1,2";
				TEST_HOST = "$(BUILT_PRODUCTS_DIR)/ActivityClassifier.app/$(BUNDLE_EXECUTABLE_FOLDER_PATH)/ActivityClassifier";
			};
			name = Debug;
		};
		5F3C91A029DC28FF00BA5A2D /* Release */ = {
			isa = XCBuildConfiguration;
			buildSettings = {
				ALWAYS_EMBED_SWIFT_STANDARD_LIBRARIES = YES;
				BUNDLE_LOADER = "$(TEST_HOST)";
				CODE_SIGN_STYLE = Automatic;
				CURRENT_PROJECT_VERSION = 1;
				DEVELOPMENT_TEAM = D249BKW3TA;
				GENERATE_INFOPLIST_FILE = YES;
				IPHONEOS_DEPLOYMENT_TARGET = 16.2;
				MARKETING_VERSION = 1.0;
				PRODUCT_BUNDLE_IDENTIFIER = com.sergeikvasov.ActivityClassifierTests;
				PRODUCT_NAME = "$(TARGET_NAME)";
				SWIFT_EMIT_LOC_STRINGS = NO;
				SWIFT_VERSION = 5.0;
				TARGETED_DEVICE_FAMILY = "1,2";
				TEST_HOST = "$(BUILT_PRODUCTS_DIR)/ActivityClassifier.app/$(BUNDLE_EXECUTABLE_FOLDER_PATH)/ActivityClassifier";
			};
			name = Release;
		};
		5F3C91A229DC28FF00BA5A2D /* Debug */ = {
			isa = XCBuildConfiguration;
			buildSettings = {
				ALWAYS_EMBED_SWIFT_STANDARD_LIBRARIES = YES;
				CODE_SIGN_STYLE = Automatic;
				CURRENT_PROJECT_VERSION = 1;
				DEVELOPMENT_TEAM = D249BKW3TA;
				GENERATE_INFOPLIST_FILE = YES;
				MARKETING_VERSION = 1.0;
				PRODUCT_BUNDLE_IDENTIFIER = com.sergeikvasov.ActivityClassifierUITests;
				PRODUCT_NAME = "$(TARGET_NAME)";
				SWIFT_EMIT_LOC_STRINGS = NO;
				SWIFT_VERSION = 5.0;
				TARGETED_DEVICE_FAMILY = "1,2";
				TEST_TARGET_NAME = ActivityClassifier;
			};
			name = Debug;
		};
		5F3C91A329DC28FF00BA5A2D /* Release */ = {
			isa = XCBuildConfiguration;
			buildSettings = {
				ALWAYS_EMBED_SWIFT_STANDARD_LIBRARIES = YES;
				CODE_SIGN_STYLE = Automatic;
				CURRENT_PROJECT_VERSION = 1;
				DEVELOPMENT_TEAM = D249BKW3TA;
				GENERATE_INFOPLIST_FILE = YES;
				MARKETING_VERSION = 1.0;
				PRODUCT_BUNDLE_IDENTIFIER = com.sergeikvasov.ActivityClassifierUITests;
				PRODUCT_NAME = "$(TARGET_NAME)";
				SWIFT_EMIT_LOC_STRINGS = NO;
				SWIFT_VERSION = 5.0;
				TARGETED_DEVICE_FAMILY = "1,2";
				TEST_TARGET_NAME = ActivityClassifier;
			};
			name = Release;
		};
/* End XCBuildConfiguration section */

/* Begin XCConfigurationList section */
		5F3C917229DC28FE00BA5A2D /* Build configuration list for PBXProject "ActivityClassifier" */ = {
			isa = XCConfigurationList;
			buildConfigurations = (
				5F3C919929DC28FF00BA5A2D /* Debug */,
				5F3C919A29DC28FF00BA5A2D /* Release */,
			);
			defaultConfigurationIsVisible = 0;
			defaultConfigurationName = Release;
		};
		5F3C919B29DC28FF00BA5A2D /* Build configuration list for PBXNativeTarget "ActivityClassifier" */ = {
			isa = XCConfigurationList;
			buildConfigurations = (
				5F3C919C29DC28FF00BA5A2D /* Debug */,
				5F3C919D29DC28FF00BA5A2D /* Release */,
			);
			defaultConfigurationIsVisible = 0;
			defaultConfigurationName = Release;
		};
		5F3C919E29DC28FF00BA5A2D /* Build configuration list for PBXNativeTarget "ActivityClassifierTests" */ = {
			isa = XCConfigurationList;
			buildConfigurations = (
				5F3C919F29DC28FF00BA5A2D /* Debug */,
				5F3C91A029DC28FF00BA5A2D /* Release */,
			);
			defaultConfigurationIsVisible = 0;
			defaultConfigurationName = Release;
		};
		5F3C91A129DC28FF00BA5A2D /* Build configuration list for PBXNativeTarget "ActivityClassifierUITests" */ = {
			isa = XCConfigurationList;
			buildConfigurations = (
				5F3C91A229DC28FF00BA5A2D /* Debug */,
				5F3C91A329DC28FF00BA5A2D /* Release */,
			);
			defaultConfigurationIsVisible = 0;
			defaultConfigurationName = Release;
		};
/* End XCConfigurationList section */

/* Begin XCRemoteSwiftPackageReference section */
		5F3C91A429DC29AB00BA5A2D /* XCRemoteSwiftPackageReference "ReSwift" */ = {
			isa = XCRemoteSwiftPackageReference;
			repositoryURL = "https://github.com/ReSwift/ReSwift.git";
			requirement = {
				kind = upToNextMajorVersion;
				minimumVersion = 6.0.0;
			};
		};
/* End XCRemoteSwiftPackageReference section */

/* Begin XCSwiftPackageProductDependency section */
		5F3C91A529DC29AB00BA5A2D /* ReSwift */ = {
			isa = XCSwiftPackageProductDependency;
			package = 5F3C91A429DC29AB00BA5A2D /* XCRemoteSwiftPackageReference "ReSwift" */;
			productName = ReSwift;
		};
/* End XCSwiftPackageProductDependency section */
	};
	rootObject = 5F3C916F29DC28FE00BA5A2D /* Project object */;
}
